
Microsoft Visual Studio Solution File, Format Version 12.00
# Visual Studio 15
Project("{FAE04EC0-301F-11D3-BF4B-00C04F79EFBC}") = "Assembly-CSharp", "Assembly-CSharp.csproj", "{39CB851B-29B5-537D-5703-8FA23E3F6C63}"
EndProject
Project("{FAE04EC0-301F-11D3-BF4B-00C04F79EFBC}") = "Assembly-CSharp-Editor", "Assembly-CSharp-Editor.csproj", "{0C791A28-D48D-60BE-77F5-71939F636F99}"
EndProject
Global
	GlobalSection(SolutionConfigurationPlatforms) = preSolution
		Debug|Any CPU = Debug|Any CPU
		Release|Any CPU = Release|Any CPU
	EndGlobalSection
	GlobalSection(ProjectConfigurationPlatforms) = postSolution
		{39CB851B-29B5-537D-5703-8FA23E3F6C63}.Debug|Any CPU.ActiveCfg = Debug|Any CPU
		{39CB851B-29B5-537D-5703-8FA23E3F6C63}.Debug|Any CPU.Build.0 = Debug|Any CPU
		{39CB851B-29B5-537D-5703-8FA23E3F6C63}.Release|Any CPU.ActiveCfg = Release|Any CPU
		{39CB851B-29B5-537D-5703-8FA23E3F6C63}.Release|Any CPU.Build.0 = Release|Any CPU
		{0C791A28-D48D-60BE-77F5-71939F636F99}.Debug|Any CPU.ActiveCfg = Debug|Any CPU
		{0C791A28-D48D-60BE-77F5-71939F636F99}.Debug|Any CPU.Build.0 = Debug|Any CPU
		{0C791A28-D48D-60BE-77F5-71939F636F99}.Release|Any CPU.ActiveCfg = Release|Any CPU
		{0C791A28-D48D-60BE-77F5-71939F636F99}.Release|Any CPU.Build.0 = Release|Any CPU
	EndGlobalSection
	GlobalSection(SolutionProperties) = preSolution
		HideSolutionNode = FALSE
	EndGlobalSection
EndGlobal
